{
    "_meta": {
        "hash": {
            "sha256": "526a83c46a84f94f2fd6f846a65f6cc81300fb0d1259aa13669c068b2ccb99b9"
        },
        "pipfile-spec": 6,
        "requires": {
            "python_version": "3.9"
        },
        "sources": [
            {
                "name": "pypi",
                "url": "https://pypi.org/simple",
                "verify_ssl": true
            }
        ]
    },
    "default": {},
    "develop": {}
}
